
Microsoft Visual Studio Solution File, Format Version 12.00
# Visual Studio 15
VisualStudioVersion = 15.0.28010.2036
MinimumVisualStudioVersion = 10.0.40219.1
Project("{FAE04EC0-301F-11D3-BF4B-00C04F79EFBC}") = "ProjectEuler", "ProjectEuler\ProjectEuler.csproj", "{21F23A1F-A074-408D-A70B-54D4AB44DC2E}"
EndProject
Global
	GlobalSection(SolutionConfigurationPlatforms) = preSolution
		Debug|Any CPU = Debug|Any CPU
		Release|Any CPU = Release|Any CPU
	EndGlobalSection
	GlobalSection(ProjectConfigurationPlatforms) = postSolution
		{21F23A1F-A074-408D-A70B-54D4AB44DC2E}.Debug|Any CPU.ActiveCfg = Debug|Any CPU
		{21F23A1F-A074-408D-A70B-54D4AB44DC2E}.Debug|Any CPU.Build.0 = Debug|Any CPU
		{21F23A1F-A074-408D-A70B-54D4AB44DC2E}.Release|Any CPU.ActiveCfg = Release|Any CPU
		{21F23A1F-A074-408D-A70B-54D4AB44DC2E}.Release|Any CPU.Build.0 = Release|Any CPU
	EndGlobalSection
	GlobalSection(SolutionProperties) = preSolution
		HideSolutionNode = FALSE
	EndGlobalSection
	GlobalSection(ExtensibilityGlobals) = postSolution
		SolutionGuid = {4D15F083-1FBA-4C59-9B9E-7D4A8CB2E671}
	EndGlobalSection
EndGlobal
